
Microsoft Visual Studio Solution File, Format Version 12.00
# Visual Studio Version 17
VisualStudioVersion = 17.11.35312.102
MinimumVisualStudioVersion = 10.0.40219.1
Project("{FAE04EC0-301F-11D3-BF4B-00C04F79EFBC}") = "Toxic", "Toxic\Toxic.csproj", "{7C834F1C-1A3C-46A8-A66B-1179095E9834}"
EndProject
Project("{FAE04EC0-301F-11D3-BF4B-00C04F79EFBC}") = "Toxic.Tests", "Toxic.Tests\Toxic.Tests.csproj", "{83775460-D83C-4DD5-9841-E65AAB914838}"
EndProject
Global
	GlobalSection(SolutionConfigurationPlatforms) = preSolution
		Debug|Any CPU = Debug|Any CPU
		Release|Any CPU = Release|Any CPU
	EndGlobalSection
	GlobalSection(ProjectConfigurationPlatforms) = postSolution
		{7C834F1C-1A3C-46A8-A66B-1179095E9834}.Debug|Any CPU.ActiveCfg = Debug|Any CPU
		{7C834F1C-1A3C-46A8-A66B-1179095E9834}.Debug|Any CPU.Build.0 = Debug|Any CPU
		{7C834F1C-1A3C-46A8-A66B-1179095E9834}.Release|Any CPU.ActiveCfg = Release|Any CPU
		{7C834F1C-1A3C-46A8-A66B-1179095E9834}.Release|Any CPU.Build.0 = Release|Any CPU
		{83775460-D83C-4DD5-9841-E65AAB914838}.Debug|Any CPU.ActiveCfg = Debug|Any CPU
		{83775460-D83C-4DD5-9841-E65AAB914838}.Debug|Any CPU.Build.0 = Debug|Any CPU
		{83775460-D83C-4DD5-9841-E65AAB914838}.Release|Any CPU.ActiveCfg = Release|Any CPU
		{83775460-D83C-4DD5-9841-E65AAB914838}.Release|Any CPU.Build.0 = Release|Any CPU
	EndGlobalSection
	GlobalSection(SolutionProperties) = preSolution
		HideSolutionNode = FALSE
	EndGlobalSection
	GlobalSection(ExtensibilityGlobals) = postSolution
		SolutionGuid = {59980166-23DF-4C8D-8FE9-CD7F83C1C903}
	EndGlobalSection
EndGlobal
